
Microsoft Visual Studio Solution File, Format Version 12.00
# Visual Studio Version 17
VisualStudioVersion = 17.0.31903.59
MinimumVisualStudioVersion = 10.0.40219.1
Project("{2150E333-8FDC-42A3-9474-1A3956D46DE8}") = "src", "src", "{827E0CD3-B72D-47B6-A68D-7590B98EB39B}"
EndProject
Project("{FAE04EC0-301F-11D3-BF4B-00C04F79EFBC}") = "AiResume.Core", "src\AiResume.Core\AiResume.Core.csproj", "{1E7E7567-9DC1-49A0-8AE7-939B9356A228}"
EndProject
Project("{FAE04EC0-301F-11D3-BF4B-00C04F79EFBC}") = "AiResume.Worker", "src\AiResume.Worker\AiResume.Worker.csproj", "{82DF022F-DF28-4C9C-B4F9-E5025AABBD0D}"
EndProject
Project("{FAE04EC0-301F-11D3-BF4B-00C04F79EFBC}") = "AiResume.Storage", "src\AiResume.Storage\AiResume.Storage.csproj", "{F23E03FF-7AC8-43F8-80F6-DFAD6E287203}"
EndProject
Project("{FAE04EC0-301F-11D3-BF4B-00C04F79EFBC}") = "AiResume.Ipc", "src\AiResume.Ipc\AiResume.Ipc.csproj", "{007575A7-09CB-47D7-BD2A-78C5B03893A5}"
EndProject
Project("{FAE04EC0-301F-11D3-BF4B-00C04F79EFBC}") = "AiResume.Secrets", "src\AiResume.Secrets\AiResume.Secrets.csproj", "{F1B87536-35F6-4C43-9C01-3C4367753E9B}"
EndProject
Project("{FAE04EC0-301F-11D3-BF4B-00C04F79EFBC}") = "AiResume.Gui", "src\AiResume.Gui\AiResume.Gui.csproj", "{54569D89-BF6F-4F21-93DD-3EDDCFC19ABE}"
EndProject
Project("{2150E333-8FDC-42A3-9474-1A3956D46DE8}") = "test", "test", "{0C88DD14-F956-CE84-757C-A364CCF449FC}"
EndProject
Project("{FAE04EC0-301F-11D3-BF4B-00C04F79EFBC}") = "AiResume.Tests", "test\AiResume.Tests\AiResume.Tests.csproj", "{527EE736-51F7-478D-9CA8-73071A00C276}"
EndProject
Project("{FAE04EC0-301F-11D3-BF4B-00C04F79EFBC}") = "AiResume.LarkCli", "src\AiResume.LarkCli\AiResume.LarkCli.csproj", "{C696A357-B1EE-4648-B62A-02D242ECC26D}"
EndProject
Project("{FAE04EC0-301F-11D3-BF4B-00C04F79EFBC}") = "AiResume.Wrapper", "src\AiResume.Wrapper\AiResume.Wrapper.csproj", "{A82C72AC-422A-46D7-812B-907468924633}"
EndProject
Project("{FAE04EC0-301F-11D3-BF4B-00C04F79EFBC}") = "AiResume.Hook", "src\AiResume.Hook\AiResume.Hook.csproj", "{42D95FF3-3531-4B86-B5E1-1DBB2B1548FB}"
EndProject
Project("{FAE04EC0-301F-11D3-BF4B-00C04F79EFBC}") = "AiResume.Launcher", "src\AiResume.Launcher\AiResume.Launcher.csproj", "{295A6FF8-225E-4A76-BC19-FA844FF09A99}"
EndProject
Global
	GlobalSection(SolutionConfigurationPlatforms) = preSolution
		Debug|Any CPU = Debug|Any CPU
		Debug|x64 = Debug|x64
		Debug|x86 = Debug|x86
		Release|Any CPU = Release|Any CPU
		Release|x64 = Release|x64
		Release|x86 = Release|x86
	EndGlobalSection
	GlobalSection(ProjectConfigurationPlatforms) = postSolution
		{1E7E7567-9DC1-49A0-8AE7-939B9356A228}.Debug|Any CPU.ActiveCfg = Debug|Any CPU
		{1E7E7567-9DC1-49A0-8AE7-939B9356A228}.Debug|Any CPU.Build.0 = Debug|Any CPU
		{1E7E7567-9DC1-49A0-8AE7-939B9356A228}.Debug|x64.ActiveCfg = Debug|Any CPU
		{1E7E7567-9DC1-49A0-8AE7-939B9356A228}.Debug|x64.Build.0 = Debug|Any CPU
		{1E7E7567-9DC1-49A0-8AE7-939B9356A228}.Debug|x86.ActiveCfg = Debug|Any CPU
		{1E7E7567-9DC1-49A0-8AE7-939B9356A228}.Debug|x86.Build.0 = Debug|Any CPU
		{1E7E7567-9DC1-49A0-8AE7-939B9356A228}.Release|Any CPU.ActiveCfg = Release|Any CPU
		{1E7E7567-9DC1-49A0-8AE7-939B9356A228}.Release|Any CPU.Build.0 = Release|Any CPU
		{1E7E7567-9DC1-49A0-8AE7-939B9356A228}.Release|x64.ActiveCfg = Release|Any CPU
		{1E7E7567-9DC1-49A0-8AE7-939B9356A228}.Release|x64.Build.0 = Release|Any CPU
		{1E7E7567-9DC1-49A0-8AE7-939B9356A228}.Release|x86.ActiveCfg = Release|Any CPU
		{1E7E7567-9DC1-49A0-8AE7-939B9356A228}.Release|x86.Build.0 = Release|Any CPU
		{82DF022F-DF28-4C9C-B4F9-E5025AABBD0D}.Debug|Any CPU.ActiveCfg = Debug|Any CPU
		{82DF022F-DF28-4C9C-B4F9-E5025AABBD0D}.Debug|Any CPU.Build.0 = Debug|Any CPU
		{82DF022F-DF28-4C9C-B4F9-E5025AABBD0D}.Debug|x64.ActiveCfg = Debug|Any CPU
		{82DF022F-DF28-4C9C-B4F9-E5025AABBD0D}.Debug|x64.Build.0 = Debug|Any CPU
		{82DF022F-DF28-4C9C-B4F9-E5025AABBD0D}.Debug|x86.ActiveCfg = Debug|Any CPU
		{82DF022F-DF28-4C9C-B4F9-E5025AABBD0D}.Debug|x86.Build.0 = Debug|Any CPU
		{82DF022F-DF28-4C9C-B4F9-E5025AABBD0D}.Release|Any CPU.ActiveCfg = Release|Any CPU
		{82DF022F-DF28-4C9C-B4F9-E5025AABBD0D}.Release|Any CPU.Build.0 = Release|Any CPU
		{82DF022F-DF28-4C9C-B4F9-E5025AABBD0D}.Release|x64.ActiveCfg = Release|Any CPU
		{82DF022F-DF28-4C9C-B4F9-E5025AABBD0D}.Release|x64.Build.0 = Release|Any CPU
		{82DF022F-DF28-4C9C-B4F9-E5025AABBD0D}.Release|x86.ActiveCfg = Release|Any CPU
		{82DF022F-DF28-4C9C-B4F9-E5025AABBD0D}.Release|x86.Build.0 = Release|Any CPU
		{F23E03FF-7AC8-43F8-80F6-DFAD6E287203}.Debug|Any CPU.ActiveCfg = Debug|Any CPU
		{F23E03FF-7AC8-43F8-80F6-DFAD6E287203}.Debug|Any CPU.Build.0 = Debug|Any CPU
		{F23E03FF-7AC8-43F8-80F6-DFAD6E287203}.Debug|x64.ActiveCfg = Debug|Any CPU
		{F23E03FF-7AC8-43F8-80F6-DFAD6E287203}.Debug|x64.Build.0 = Debug|Any CPU
		{F23E03FF-7AC8-43F8-80F6-DFAD6E287203}.Debug|x86.ActiveCfg = Debug|Any CPU
		{F23E03FF-7AC8-43F8-80F6-DFAD6E287203}.Debug|x86.Build.0 = Debug|Any CPU
		{F23E03FF-7AC8-43F8-80F6-DFAD6E287203}.Release|Any CPU.ActiveCfg = Release|Any CPU
		{F23E03FF-7AC8-43F8-80F6-DFAD6E287203}.Release|Any CPU.Build.0 = Release|Any CPU
		{F23E03FF-7AC8-43F8-80F6-DFAD6E287203}.Release|x64.ActiveCfg = Release|Any CPU
		{F23E03FF-7AC8-43F8-80F6-DFAD6E287203}.Release|x64.Build.0 = Release|Any CPU
		{F23E03FF-7AC8-43F8-80F6-DFAD6E287203}.Release|x86.ActiveCfg = Release|Any CPU
		{F23E03FF-7AC8-43F8-80F6-DFAD6E287203}.Release|x86.Build.0 = Release|Any CPU
		{007575A7-09CB-47D7-BD2A-78C5B03893A5}.Debug|Any CPU.ActiveCfg = Debug|Any CPU
		{007575A7-09CB-47D7-BD2A-78C5B03893A5}.Debug|Any CPU.Build.0 = Debug|Any CPU
		{007575A7-09CB-47D7-BD2A-78C5B03893A5}.Debug|x64.ActiveCfg = Debug|Any CPU
		{007575A7-09CB-47D7-BD2A-78C5B03893A5}.Debug|x64.Build.0 = Debug|Any CPU
		{007575A7-09CB-47D7-BD2A-78C5B03893A5}.Debug|x86.ActiveCfg = Debug|Any CPU
		{007575A7-09CB-47D7-BD2A-78C5B03893A5}.Debug|x86.Build.0 = Debug|Any CPU
		{007575A7-09CB-47D7-BD2A-78C5B03893A5}.Release|Any CPU.ActiveCfg = Release|Any CPU
		{007575A7-09CB-47D7-BD2A-78C5B03893A5}.Release|Any CPU.Build.0 = Release|Any CPU
		{007575A7-09CB-47D7-BD2A-78C5B03893A5}.Release|x64.ActiveCfg = Release|Any CPU
		{007575A7-09CB-47D7-BD2A-78C5B03893A5}.Release|x64.Build.0 = Release|Any CPU
		{007575A7-09CB-47D7-BD2A-78C5B03893A5}.Release|x86.ActiveCfg = Release|Any CPU
		{007575A7-09CB-47D7-BD2A-78C5B03893A5}.Release|x86.Build.0 = Release|Any CPU
		{F1B87536-35F6-4C43-9C01-3C4367753E9B}.Debug|Any CPU.ActiveCfg = Debug|Any CPU
		{F1B87536-35F6-4C43-9C01-3C4367753E9B}.Debug|Any CPU.Build.0 = Debug|Any CPU
		{F1B87536-35F6-4C43-9C01-3C4367753E9B}.Debug|x64.ActiveCfg = Debug|Any CPU
		{F1B87536-35F6-4C43-9C01-3C4367753E9B}.Debug|x64.Build.0 = Debug|Any CPU
		{F1B87536-35F6-4C43-9C01-3C4367753E9B}.Debug|x86.ActiveCfg = Debug|Any CPU
		{F1B87536-35F6-4C43-9C01-3C4367753E9B}.Debug|x86.Build.0 = Debug|Any CPU
		{F1B87536-35F6-4C43-9C01-3C4367753E9B}.Release|Any CPU.ActiveCfg = Release|Any CPU
		{F1B87536-35F6-4C43-9C01-3C4367753E9B}.Release|Any CPU.Build.0 = Release|Any CPU
		{F1B87536-35F6-4C43-9C01-3C4367753E9B}.Release|x64.ActiveCfg = Release|Any CPU
		{F1B87536-35F6-4C43-9C01-3C4367753E9B}.Release|x64.Build.0 = Release|Any CPU
		{F1B87536-35F6-4C43-9C01-3C4367753E9B}.Release|x86.ActiveCfg = Release|Any CPU
		{F1B87536-35F6-4C43-9C01-3C4367753E9B}.Release|x86.Build.0 = Release|Any CPU
		{54569D89-BF6F-4F21-93DD-3EDDCFC19ABE}.Debug|Any CPU.ActiveCfg = Debug|Any CPU
		{54569D89-BF6F-4F21-93DD-3EDDCFC19ABE}.Debug|Any CPU.Build.0 = Debug|Any CPU
		{54569D89-BF6F-4F21-93DD-3EDDCFC19ABE}.Debug|x64.ActiveCfg = Debug|Any CPU
		{54569D89-BF6F-4F21-93DD-3EDDCFC19ABE}.Debug|x64.Build.0 = Debug|Any CPU
		{54569D89-BF6F-4F21-93DD-3EDDCFC19ABE}.Debug|x86.ActiveCfg = Debug|Any CPU
		{54569D89-BF6F-4F21-93DD-3EDDCFC19ABE}.Debug|x86.Build.0 = Debug|Any CPU
		{54569D89-BF6F-4F21-93DD-3EDDCFC19ABE}.Release|Any CPU.ActiveCfg = Release|Any CPU
		{54569D89-BF6F-4F21-93DD-3EDDCFC19ABE}.Release|Any CPU.Build.0 = Release|Any CPU
		{54569D89-BF6F-4F21-93DD-3EDDCFC19ABE}.Release|x64.ActiveCfg = Release|Any CPU
		{54569D89-BF6F-4F21-93DD-3EDDCFC19ABE}.Release|x64.Build.0 = Release|Any CPU
		{54569D89-BF6F-4F21-93DD-3EDDCFC19ABE}.Release|x86.ActiveCfg = Release|Any CPU
		{54569D89-BF6F-4F21-93DD-3EDDCFC19ABE}.Release|x86.Build.0 = Release|Any CPU
		{527EE736-51F7-478D-9CA8-73071A00C276}.Debug|Any CPU.ActiveCfg = Debug|Any CPU
		{527EE736-51F7-478D-9CA8-73071A00C276}.Debug|Any CPU.Build.0 = Debug|Any CPU
		{527EE736-51F7-478D-9CA8-73071A00C276}.Debug|x64.ActiveCfg = Debug|Any CPU
		{527EE736-51F7-478D-9CA8-73071A00C276}.Debug|x64.Build.0 = Debug|Any CPU
		{527EE736-51F7-478D-9CA8-73071A00C276}.Debug|x86.ActiveCfg = Debug|Any CPU
		{527EE736-51F7-478D-9CA8-73071A00C276}.Debug|x86.Build.0 = Debug|Any CPU
		{527EE736-51F7-478D-9CA8-73071A00C276}.Release|Any CPU.ActiveCfg = Release|Any CPU
		{527EE736-51F7-478D-9CA8-73071A00C276}.Release|Any CPU.Build.0 = Release|Any CPU
		{527EE736-51F7-478D-9CA8-73071A00C276}.Release|x64.ActiveCfg = Release|Any CPU
		{527EE736-51F7-478D-9CA8-73071A00C276}.Release|x64.Build.0 = Release|Any CPU
		{527EE736-51F7-478D-9CA8-73071A00C276}.Release|x86.ActiveCfg = Release|Any CPU
		{527EE736-51F7-478D-9CA8-73071A00C276}.Release|x86.Build.0 = Release|Any CPU
		{C696A357-B1EE-4648-B62A-02D242ECC26D}.Debug|Any CPU.ActiveCfg = Debug|Any CPU
		{C696A357-B1EE-4648-B62A-02D242ECC26D}.Debug|Any CPU.Build.0 = Debug|Any CPU
		{C696A357-B1EE-4648-B62A-02D242ECC26D}.Debug|x64.ActiveCfg = Debug|Any CPU
		{C696A357-B1EE-4648-B62A-02D242ECC26D}.Debug|x64.Build.0 = Debug|Any CPU
		{C696A357-B1EE-4648-B62A-02D242ECC26D}.Debug|x86.ActiveCfg = Debug|Any CPU
		{C696A357-B1EE-4648-B62A-02D242ECC26D}.Debug|x86.Build.0 = Debug|Any CPU
		{C696A357-B1EE-4648-B62A-02D242ECC26D}.Release|Any CPU.ActiveCfg = Release|Any CPU
		{C696A357-B1EE-4648-B62A-02D242ECC26D}.Release|Any CPU.Build.0 = Release|Any CPU
		{C696A357-B1EE-4648-B62A-02D242ECC26D}.Release|x64.ActiveCfg = Release|Any CPU
		{C696A357-B1EE-4648-B62A-02D242ECC26D}.Release|x64.Build.0 = Release|Any CPU
		{C696A357-B1EE-4648-B62A-02D242ECC26D}.Release|x86.ActiveCfg = Release|Any CPU
		{C696A357-B1EE-4648-B62A-02D242ECC26D}.Release|x86.Build.0 = Release|Any CPU
		{A82C72AC-422A-46D7-812B-907468924633}.Debug|Any CPU.ActiveCfg = Debug|Any CPU
		{A82C72AC-422A-46D7-812B-907468924633}.Debug|Any CPU.Build.0 = Debug|Any CPU
		{A82C72AC-422A-46D7-812B-907468924633}.Debug|x64.ActiveCfg = Debug|Any CPU
		{A82C72AC-422A-46D7-812B-907468924633}.Debug|x64.Build.0 = Debug|Any CPU
		{A82C72AC-422A-46D7-812B-907468924633}.Debug|x86.ActiveCfg = Debug|Any CPU
		{A82C72AC-422A-46D7-812B-907468924633}.Debug|x86.Build.0 = Debug|Any CPU
		{A82C72AC-422A-46D7-812B-907468924633}.Release|Any CPU.ActiveCfg = Release|Any CPU
		{A82C72AC-422A-46D7-812B-907468924633}.Release|Any CPU.Build.0 = Release|Any CPU
		{A82C72AC-422A-46D7-812B-907468924633}.Release|x64.ActiveCfg = Release|Any CPU
		{A82C72AC-422A-46D7-812B-907468924633}.Release|x64.Build.0 = Release|Any CPU
		{A82C72AC-422A-46D7-812B-907468924633}.Release|x86.ActiveCfg = Release|Any CPU
		{A82C72AC-422A-46D7-812B-907468924633}.Release|x86.Build.0 = Release|Any CPU
		{42D95FF3-3531-4B86-B5E1-1DBB2B1548FB}.Debug|Any CPU.ActiveCfg = Debug|Any CPU
		{42D95FF3-3531-4B86-B5E1-1DBB2B1548FB}.Debug|Any CPU.Build.0 = Debug|Any CPU
		{42D95FF3-3531-4B86-B5E1-1DBB2B1548FB}.Debug|x64.ActiveCfg = Debug|Any CPU
		{42D95FF3-3531-4B86-B5E1-1DBB2B1548FB}.Debug|x64.Build.0 = Debug|Any CPU
		{42D95FF3-3531-4B86-B5E1-1DBB2B1548FB}.Debug|x86.ActiveCfg = Debug|Any CPU
		{42D95FF3-3531-4B86-B5E1-1DBB2B1548FB}.Debug|x86.Build.0 = Debug|Any CPU
		{42D95FF3-3531-4B86-B5E1-1DBB2B1548FB}.Release|Any CPU.ActiveCfg = Release|Any CPU
		{42D95FF3-3531-4B86-B5E1-1DBB2B1548FB}.Release|Any CPU.Build.0 = Release|Any CPU
		{42D95FF3-3531-4B86-B5E1-1DBB2B1548FB}.Release|x64.ActiveCfg = Release|Any CPU
		{42D95FF3-3531-4B86-B5E1-1DBB2B1548FB}.Release|x64.Build.0 = Release|Any CPU
		{42D95FF3-3531-4B86-B5E1-1DBB2B1548FB}.Release|x86.ActiveCfg = Release|Any CPU
		{42D95FF3-3531-4B86-B5E1-1DBB2B1548FB}.Release|x86.Build.0 = Release|Any CPU
		{295A6FF8-225E-4A76-BC19-FA844FF09A99}.Debug|Any CPU.ActiveCfg = Debug|Any CPU
		{295A6FF8-225E-4A76-BC19-FA844FF09A99}.Debug|Any CPU.Build.0 = Debug|Any CPU
		{295A6FF8-225E-4A76-BC19-FA844FF09A99}.Debug|x64.ActiveCfg = Debug|Any CPU
		{295A6FF8-225E-4A76-BC19-FA844FF09A99}.Debug|x64.Build.0 = Debug|Any CPU
		{295A6FF8-225E-4A76-BC19-FA844FF09A99}.Debug|x86.ActiveCfg = Debug|Any CPU
		{295A6FF8-225E-4A76-BC19-FA844FF09A99}.Debug|x86.Build.0 = Debug|Any CPU
		{295A6FF8-225E-4A76-BC19-FA844FF09A99}.Release|Any CPU.ActiveCfg = Release|Any CPU
		{295A6FF8-225E-4A76-BC19-FA844FF09A99}.Release|Any CPU.Build.0 = Release|Any CPU
		{295A6FF8-225E-4A76-BC19-FA844FF09A99}.Release|x64.ActiveCfg = Release|Any CPU
		{295A6FF8-225E-4A76-BC19-FA844FF09A99}.Release|x64.Build.0 = Release|Any CPU
		{295A6FF8-225E-4A76-BC19-FA844FF09A99}.Release|x86.ActiveCfg = Release|Any CPU
		{295A6FF8-225E-4A76-BC19-FA844FF09A99}.Release|x86.Build.0 = Release|Any CPU
	EndGlobalSection
	GlobalSection(SolutionProperties) = preSolution
		HideSolutionNode = FALSE
	EndGlobalSection
	GlobalSection(NestedProjects) = preSolution
		{1E7E7567-9DC1-49A0-8AE7-939B9356A228} = {827E0CD3-B72D-47B6-A68D-7590B98EB39B}
		{82DF022F-DF28-4C9C-B4F9-E5025AABBD0D} = {827E0CD3-B72D-47B6-A68D-7590B98EB39B}
		{F23E03FF-7AC8-43F8-80F6-DFAD6E287203} = {827E0CD3-B72D-47B6-A68D-7590B98EB39B}
		{007575A7-09CB-47D7-BD2A-78C5B03893A5} = {827E0CD3-B72D-47B6-A68D-7590B98EB39B}
		{F1B87536-35F6-4C43-9C01-3C4367753E9B} = {827E0CD3-B72D-47B6-A68D-7590B98EB39B}
		{54569D89-BF6F-4F21-93DD-3EDDCFC19ABE} = {827E0CD3-B72D-47B6-A68D-7590B98EB39B}
		{527EE736-51F7-478D-9CA8-73071A00C276} = {0C88DD14-F956-CE84-757C-A364CCF449FC}
		{C696A357-B1EE-4648-B62A-02D242ECC26D} = {827E0CD3-B72D-47B6-A68D-7590B98EB39B}
		{A82C72AC-422A-46D7-812B-907468924633} = {827E0CD3-B72D-47B6-A68D-7590B98EB39B}
		{42D95FF3-3531-4B86-B5E1-1DBB2B1548FB} = {827E0CD3-B72D-47B6-A68D-7590B98EB39B}
		{295A6FF8-225E-4A76-BC19-FA844FF09A99} = {827E0CD3-B72D-47B6-A68D-7590B98EB39B}
	EndGlobalSection
EndGlobal
